<Solution>
  <Folder Name="/Application/">
    <Project Path="Application/Ypdf.CommandLine/Ypdf.CommandLine.csproj" />
  </Folder>
  <Folder Name="/Core/" />
  <Folder Name="/Core/Ypdf.Core/" />
  <Folder Name="/Core/Ypdf.Core/Core/">
    <Project Path="Core/Ypdf.Core/Core/Ypdf.Core/Ypdf.Core.csproj" />
  </Folder>
</Solution>
